
Microsoft Visual Studio Solution File, Format Version 12.00
# Visual Studio Version 16
VisualStudioVersion = 16.0.31702.278
MinimumVisualStudioVersion = 10.0.40219.1
Project("{F2A71F9B-5D33-465A-A702-920D77279786}") = "ProtobufTest", "ProtobufTest\ProtobufTest.fsproj", "{5B2D7220-B13F-4659-8CD7-2610247C1E34}"
EndProject
Project("{F2A71F9B-5D33-465A-A702-920D77279786}") = "ProtobufCommon", "ProtobufCommon\ProtobufCommon.fsproj", "{88C5E083-0A5E-47EB-8646-877AC876C123}"
EndProject
Project("{F2A71F9B-5D33-465A-A702-920D77279786}") = "ProtobufServer", "ProtobufServer\ProtobufServer.fsproj", "{DA9C2991-F9EA-479C-BA2A-53EC73B2FC59}"
EndProject
Project("{F2A71F9B-5D33-465A-A702-920D77279786}") = "ProtobufClient", "ProtobufClient\ProtobufClient.fsproj", "{897F30AA-F9CD-4C5E-AA83-2869B54D4F4D}"
EndProject
Global
	GlobalSection(SolutionConfigurationPlatforms) = preSolution
		Debug|Any CPU = Debug|Any CPU
		Release|Any CPU = Release|Any CPU
	EndGlobalSection
	GlobalSection(ProjectConfigurationPlatforms) = postSolution
		{5B2D7220-B13F-4659-8CD7-2610247C1E34}.Debug|Any CPU.ActiveCfg = Debug|Any CPU
		{5B2D7220-B13F-4659-8CD7-2610247C1E34}.Debug|Any CPU.Build.0 = Debug|Any CPU
		{5B2D7220-B13F-4659-8CD7-2610247C1E34}.Release|Any CPU.ActiveCfg = Release|Any CPU
		{5B2D7220-B13F-4659-8CD7-2610247C1E34}.Release|Any CPU.Build.0 = Release|Any CPU
		{88C5E083-0A5E-47EB-8646-877AC876C123}.Debug|Any CPU.ActiveCfg = Debug|Any CPU
		{88C5E083-0A5E-47EB-8646-877AC876C123}.Debug|Any CPU.Build.0 = Debug|Any CPU
		{88C5E083-0A5E-47EB-8646-877AC876C123}.Release|Any CPU.ActiveCfg = Release|Any CPU
		{88C5E083-0A5E-47EB-8646-877AC876C123}.Release|Any CPU.Build.0 = Release|Any CPU
		{DA9C2991-F9EA-479C-BA2A-53EC73B2FC59}.Debug|Any CPU.ActiveCfg = Debug|Any CPU
		{DA9C2991-F9EA-479C-BA2A-53EC73B2FC59}.Debug|Any CPU.Build.0 = Debug|Any CPU
		{DA9C2991-F9EA-479C-BA2A-53EC73B2FC59}.Release|Any CPU.ActiveCfg = Release|Any CPU
		{DA9C2991-F9EA-479C-BA2A-53EC73B2FC59}.Release|Any CPU.Build.0 = Release|Any CPU
		{897F30AA-F9CD-4C5E-AA83-2869B54D4F4D}.Debug|Any CPU.ActiveCfg = Debug|Any CPU
		{897F30AA-F9CD-4C5E-AA83-2869B54D4F4D}.Debug|Any CPU.Build.0 = Debug|Any CPU
		{897F30AA-F9CD-4C5E-AA83-2869B54D4F4D}.Release|Any CPU.ActiveCfg = Release|Any CPU
		{897F30AA-F9CD-4C5E-AA83-2869B54D4F4D}.Release|Any CPU.Build.0 = Release|Any CPU
	EndGlobalSection
	GlobalSection(SolutionProperties) = preSolution
		HideSolutionNode = FALSE
	EndGlobalSection
	GlobalSection(ExtensibilityGlobals) = postSolution
		SolutionGuid = {602A3006-A8AC-4685-A136-922395943350}
	EndGlobalSection
EndGlobal
